
Microsoft Visual Studio Solution File, Format Version 12.00
# Visual Studio Version 17
VisualStudioVersion = 17.13.35931.197 d17.13
MinimumVisualStudioVersion = 10.0.40219.1
Project("{FAE04EC0-301F-11D3-BF4B-00C04F79EFBC}") = "BusTicketBooking.API", "BusTicketBooking.API.csproj", "{2446AAC2-3888-4C91-B2E0-C892C1B58292}"
EndProject
Global
	GlobalSection(SolutionConfigurationPlatforms) = preSolution
		Debug|Any CPU = Debug|Any CPU
		Release|Any CPU = Release|Any CPU
	EndGlobalSection
	GlobalSection(ProjectConfigurationPlatforms) = postSolution
		{2446AAC2-3888-4C91-B2E0-C892C1B58292}.Debug|Any CPU.ActiveCfg = Debug|Any CPU
		{2446AAC2-3888-4C91-B2E0-C892C1B58292}.Debug|Any CPU.Build.0 = Debug|Any CPU
		{2446AAC2-3888-4C91-B2E0-C892C1B58292}.Release|Any CPU.ActiveCfg = Release|Any CPU
		{2446AAC2-3888-4C91-B2E0-C892C1B58292}.Release|Any CPU.Build.0 = Release|Any CPU
	EndGlobalSection
	GlobalSection(SolutionProperties) = preSolution
		HideSolutionNode = FALSE
	EndGlobalSection
	GlobalSection(ExtensibilityGlobals) = postSolution
		SolutionGuid = {5279FFF7-C3B9-4316-BC0E-D53FDB3D211B}
	EndGlobalSection
EndGlobal
